
Microsoft Visual Studio Solution File, Format Version 12.00
# Visual Studio Version 17
VisualStudioVersion = 17.14.36414.22 d17.14
MinimumVisualStudioVersion = 10.0.40219.1
Project("{FAE04EC0-301F-11D3-BF4B-00C04F79EFBC}") = "HelloForm", "HelloForm\HelloForm.csproj", "{F01AB2CB-9E7F-4C73-990A-8415678C972B}"
EndProject
Global
	GlobalSection(SolutionConfigurationPlatforms) = preSolution
		Debug|Any CPU = Debug|Any CPU
		Release|Any CPU = Release|Any CPU
	EndGlobalSection
	GlobalSection(ProjectConfigurationPlatforms) = postSolution
		{F01AB2CB-9E7F-4C73-990A-8415678C972B}.Debug|Any CPU.ActiveCfg = Debug|Any CPU
		{F01AB2CB-9E7F-4C73-990A-8415678C972B}.Debug|Any CPU.Build.0 = Debug|Any CPU
		{F01AB2CB-9E7F-4C73-990A-8415678C972B}.Release|Any CPU.ActiveCfg = Release|Any CPU
		{F01AB2CB-9E7F-4C73-990A-8415678C972B}.Release|Any CPU.Build.0 = Release|Any CPU
	EndGlobalSection
	GlobalSection(SolutionProperties) = preSolution
		HideSolutionNode = FALSE
	EndGlobalSection
	GlobalSection(ExtensibilityGlobals) = postSolution
		SolutionGuid = {6994392A-0104-40DF-8C43-E4EE9C7B30A4}
	EndGlobalSection
EndGlobal
