
Microsoft Visual Studio Solution File, Format Version 12.00
# Visual Studio Version 17
VisualStudioVersion = 17.14.36414.22 d17.14
MinimumVisualStudioVersion = 10.0.40219.1
Project("{FAE04EC0-301F-11D3-BF4B-00C04F79EFBC}") = "Omikuji", "Omikuji\Omikuji.csproj", "{A09B8B8D-DECA-4357-BA0C-C907296FC94F}"
EndProject
Global
	GlobalSection(SolutionConfigurationPlatforms) = preSolution
		Debug|Any CPU = Debug|Any CPU
		Release|Any CPU = Release|Any CPU
	EndGlobalSection
	GlobalSection(ProjectConfigurationPlatforms) = postSolution
		{A09B8B8D-DECA-4357-BA0C-C907296FC94F}.Debug|Any CPU.ActiveCfg = Debug|Any CPU
		{A09B8B8D-DECA-4357-BA0C-C907296FC94F}.Debug|Any CPU.Build.0 = Debug|Any CPU
		{A09B8B8D-DECA-4357-BA0C-C907296FC94F}.Release|Any CPU.ActiveCfg = Release|Any CPU
		{A09B8B8D-DECA-4357-BA0C-C907296FC94F}.Release|Any CPU.Build.0 = Release|Any CPU
	EndGlobalSection
	GlobalSection(SolutionProperties) = preSolution
		HideSolutionNode = FALSE
	EndGlobalSection
	GlobalSection(ExtensibilityGlobals) = postSolution
		SolutionGuid = {7DACDEF8-1852-4172-8465-4B89B1B8D849}
	EndGlobalSection
EndGlobal
